
Microsoft Visual Studio Solution File, Format Version 12.00
# Visual Studio Version 17
VisualStudioVersion = 17.3.32929.385
MinimumVisualStudioVersion = 10.0.40219.1
Project("{FAE04EC0-301F-11D3-BF4B-00C04F79EFBC}") = "StackAndQueue", "StackAndQueue.csproj", "{F3169C05-C181-455E-9CA4-3821B05500EC}"
EndProject
Global
	GlobalSection(SolutionConfigurationPlatforms) = preSolution
		Debug|Any CPU = Debug|Any CPU
		Release|Any CPU = Release|Any CPU
	EndGlobalSection
	GlobalSection(ProjectConfigurationPlatforms) = postSolution
		{F3169C05-C181-455E-9CA4-3821B05500EC}.Debug|Any CPU.ActiveCfg = Debug|Any CPU
		{F3169C05-C181-455E-9CA4-3821B05500EC}.Debug|Any CPU.Build.0 = Debug|Any CPU
		{F3169C05-C181-455E-9CA4-3821B05500EC}.Release|Any CPU.ActiveCfg = Release|Any CPU
		{F3169C05-C181-455E-9CA4-3821B05500EC}.Release|Any CPU.Build.0 = Release|Any CPU
	EndGlobalSection
	GlobalSection(SolutionProperties) = preSolution
		HideSolutionNode = FALSE
	EndGlobalSection
	GlobalSection(ExtensibilityGlobals) = postSolution
		SolutionGuid = {7D149D5B-FA47-4BB2-932D-7A2BA06D7E53}
	EndGlobalSection
EndGlobal
